Microsoft Visual Studio Solution File, Format Version 12.00
# Visual Studio 15
VisualStudioVersion = 15.0.27004.2005
MinimumVisualStudioVersion = 10.0.40219.1
Project("{FAE04EC0-301F-11D3-BF4B-00C04F79EFBC}") = "LibLog", "LibLog\LibLog.csproj", "{B94A94E1-3C80-40CC-A79A-244446B3F75A}"
EndProject
Project("{FAE04EC0-301F-11D3-BF4B-00C04F79EFBC}") = "LibLog.Tests", "LibLog.Tests\LibLog.Tests.csproj", "{543C177D-4ED3-45C2-BAC8-6A4E89D802BA}"
EndProject
Project("{FAE04EC0-301F-11D3-BF4B-00C04F79EFBC}") = "LibLog.Example.Log4Net", "LibLog.Example.Log4Net\LibLog.Example.Log4Net.csproj", "{48E74C66-66A7-4DD7-9762-D90F1E20B00F}"
EndProject
Project("{2150E333-8FDC-42A3-9474-1A3956D46DE8}") = "Examples", "Examples", "{C63C1E27-7A81-450C-90A6-62E91C389AC2}"
EndProject
Project("{FAE04EC0-301F-11D3-BF4B-00C04F79EFBC}") = "LibLog.Example.Library", "LibLog.Example.Library\LibLog.Example.Library.csproj", "{E7F9CE74-9F02-4DDF-822F-FA9B9F4FA139}"
EndProject
Project("{FAE04EC0-301F-11D3-BF4B-00C04F79EFBC}") = "LibLog.Example.NLog", "LibLog.Example.NLog\LibLog.Example.NLog.csproj", "{454FADA3-7AB4-4FBE-945A-80C6C55DA8D2}"
EndProject
Project("{FAE04EC0-301F-11D3-BF4B-00C04F79EFBC}") = "LibLog.Example.Serilog", "LibLog.Example.Serilog\LibLog.Example.Serilog.csproj", "{2D86ADF2-1C4C-4C85-B2BC-66282C3349B4}"
EndProject
Project("{FAE04EC0-301F-11D3-BF4B-00C04F79EFBC}") = "LibLog.Example.ColoredConsoleLogProvider", "LibLog.Example.ColoredConsoleLogProvider\LibLog.Example.ColoredConsoleLogProvider.csproj", "{AE63060E-10DB-497E-B161-3C13FF865C7B}"
EndProject
Project("{FAE04EC0-301F-11D3-BF4B-00C04F79EFBC}") = "LibLog.Tests.NLog4", "LibLog.Tests.NLog4\LibLog.Tests.NLog4.csproj", "{C51AC88E-BF39-4CF6-8461-9FD9E5492950}"
EndProject
Project("{FAE04EC0-301F-11D3-BF4B-00C04F79EFBC}") = "LibLog.Tests.NoLogFwkReferences", "LibLog.Tests.NoLogFwkReferences\LibLog.Tests.NoLogFwkReferences.csproj", "{71AF4769-AF1A-4913-A79D-08314EC06A63}"
EndProject
Project("{FAE04EC0-301F-11D3-BF4B-00C04F79EFBC}") = "LibLog.Tests.Serilog2", "LibLog.Tests.Serilog2\LibLog.Tests.Serilog2.csproj", "{6729DACD-2C0E-4A80-8C9B-51E3E811CFE8}"
EndProject
Project("{9A19103F-16F7-4668-BE54-9A1E7A4F7556}") = "LibLogNetStandard", "LibLogNetStandard\LibLogNetStandard.csproj", "{D475BB80-2EF4-41F3-91A3-B8013425A0CB}"
EndProject
Global
	GlobalSection(SolutionConfigurationPlatforms) = preSolution
		Debug|Any CPU = Debug|Any CPU
		Debug|x64 = Debug|x64
		Debug|x86 = Debug|x86
		Release|Any CPU = Release|Any CPU
		Release|x64 = Release|x64
		Release|x86 = Release|x86
	EndGlobalSection
	GlobalSection(ProjectConfigurationPlatforms) = postSolution
		{B94A94E1-3C80-40CC-A79A-244446B3F75A}.Debug|Any CPU.ActiveCfg = Debug|Any CPU
		{B94A94E1-3C80-40CC-A79A-244446B3F75A}.Debug|Any CPU.Build.0 = Debug|Any CPU
		{B94A94E1-3C80-40CC-A79A-244446B3F75A}.Debug|x64.ActiveCfg = Debug|Any CPU
		{B94A94E1-3C80-40CC-A79A-244446B3F75A}.Debug|x64.Build.0 = Debug|Any CPU
		{B94A94E1-3C80-40CC-A79A-244446B3F75A}.Debug|x86.ActiveCfg = Debug|Any CPU
		{B94A94E1-3C80-40CC-A79A-244446B3F75A}.Debug|x86.Build.0 = Debug|Any CPU
		{B94A94E1-3C80-40CC-A79A-244446B3F75A}.Release|Any CPU.ActiveCfg = Release|Any CPU
		{B94A94E1-3C80-40CC-A79A-244446B3F75A}.Release|Any CPU.Build.0 = Release|Any CPU
		{B94A94E1-3C80-40CC-A79A-244446B3F75A}.Release|x64.ActiveCfg = Release|Any CPU
		{B94A94E1-3C80-40CC-A79A-244446B3F75A}.Release|x64.Build.0 = Release|Any CPU
		{B94A94E1-3C80-40CC-A79A-244446B3F75A}.Release|x86.ActiveCfg = Release|Any CPU
		{B94A94E1-3C80-40CC-A79A-244446B3F75A}.Release|x86.Build.0 = Release|Any CPU
		{543C177D-4ED3-45C2-BAC8-6A4E89D802BA}.Debug|Any CPU.ActiveCfg = Debug|Any CPU
		{543C177D-4ED3-45C2-BAC8-6A4E89D802BA}.Debug|Any CPU.Build.0 = Debug|Any CPU
		{543C177D-4ED3-45C2-BAC8-6A4E89D802BA}.Debug|x64.ActiveCfg = Debug|Any CPU
		{543C177D-4ED3-45C2-BAC8-6A4E89D802BA}.Debug|x64.Build.0 = Debug|Any CPU
		{543C177D-4ED3-45C2-BAC8-6A4E89D802BA}.Debug|x86.ActiveCfg = Debug|Any CPU
		{543C177D-4ED3-45C2-BAC8-6A4E89D802BA}.Debug|x86.Build.0 = Debug|Any CPU
		{543C177D-4ED3-45C2-BAC8-6A4E89D802BA}.Release|Any CPU.ActiveCfg = Release|Any CPU
		{543C177D-4ED3-45C2-BAC8-6A4E89D802BA}.Release|Any CPU.Build.0 = Release|Any CPU
		{543C177D-4ED3-45C2-BAC8-6A4E89D802BA}.Release|x64.ActiveCfg = Release|Any CPU
		{543C177D-4ED3-45C2-BAC8-6A4E89D802BA}.Release|x64.Build.0 = Release|Any CPU
		{543C177D-4ED3-45C2-BAC8-6A4E89D802BA}.Release|x86.ActiveCfg = Release|Any CPU
		{543C177D-4ED3-45C2-BAC8-6A4E89D802BA}.Release|x86.Build.0 = Release|Any CPU
		{48E74C66-66A7-4DD7-9762-D90F1E20B00F}.Debug|Any CPU.ActiveCfg = Debug|Any CPU
		{48E74C66-66A7-4DD7-9762-D90F1E20B00F}.Debug|Any CPU.Build.0 = Debug|Any CPU
		{48E74C66-66A7-4DD7-9762-D90F1E20B00F}.Debug|x64.ActiveCfg = Debug|Any CPU
		{48E74C66-66A7-4DD7-9762-D90F1E20B00F}.Debug|x64.Build.0 = Debug|Any CPU
		{48E74C66-66A7-4DD7-9762-D90F1E20B00F}.Debug|x86.ActiveCfg = Debug|Any CPU
		{48E74C66-66A7-4DD7-9762-D90F1E20B00F}.Debug|x86.Build.0 = Debug|Any CPU
		{48E74C66-66A7-4DD7-9762-D90F1E20B00F}.Release|Any CPU.ActiveCfg = Release|Any CPU
		{48E74C66-66A7-4DD7-9762-D90F1E20B00F}.Release|Any CPU.Build.0 = Release|Any CPU
		{48E74C66-66A7-4DD7-9762-D90F1E20B00F}.Release|x64.ActiveCfg = Release|Any CPU
		{48E74C66-66A7-4DD7-9762-D90F1E20B00F}.Release|x64.Build.0 = Release|Any CPU
		{48E74C66-66A7-4DD7-9762-D90F1E20B00F}.Release|x86.ActiveCfg = Release|Any CPU
		{48E74C66-66A7-4DD7-9762-D90F1E20B00F}.Release|x86.Build.0 = Release|Any CPU
		{E7F9CE74-9F02-4DDF-822F-FA9B9F4FA139}.Debug|Any CPU.ActiveCfg = Debug|Any CPU
		{E7F9CE74-9F02-4DDF-822F-FA9B9F4FA139}.Debug|Any CPU.Build.0 = Debug|Any CPU
		{E7F9CE74-9F02-4DDF-822F-FA9B9F4FA139}.Debug|x64.ActiveCfg = Debug|Any CPU
		{E7F9CE74-9F02-4DDF-822F-FA9B9F4FA139}.Debug|x64.Build.0 = Debug|Any CPU
		{E7F9CE74-9F02-4DDF-822F-FA9B9F4FA139}.Debug|x86.ActiveCfg = Debug|Any CPU
		{E7F9CE74-9F02-4DDF-822F-FA9B9F4FA139}.Debug|x86.Build.0 = Debug|Any CPU
		{E7F9CE74-9F02-4DDF-822F-FA9B9F4FA139}.Release|Any CPU.ActiveCfg = Release|Any CPU
		{E7F9CE74-9F02-4DDF-822F-FA9B9F4FA139}.Release|Any CPU.Build.0 = Release|Any CPU
		{E7F9CE74-9F02-4DDF-822F-FA9B9F4FA139}.Release|x64.ActiveCfg = Release|Any CPU
		{E7F9CE74-9F02-4DDF-822F-FA9B9F4FA139}.Release|x64.Build.0 = Release|Any CPU
		{E7F9CE74-9F02-4DDF-822F-FA9B9F4FA139}.Release|x86.ActiveCfg = Release|Any CPU
		{E7F9CE74-9F02-4DDF-822F-FA9B9F4FA139}.Release|x86.Build.0 = Release|Any CPU
		{454FADA3-7AB4-4FBE-945A-80C6C55DA8D2}.Debug|Any CPU.ActiveCfg = Debug|Any CPU
		{454FADA3-7AB4-4FBE-945A-80C6C55DA8D2}.Debug|Any CPU.Build.0 = Debug|Any CPU
		{454FADA3-7AB4-4FBE-945A-80C6C55DA8D2}.Debug|x64.ActiveCfg = Debug|Any CPU
		{454FADA3-7AB4-4FBE-945A-80C6C55DA8D2}.Debug|x64.Build.0 = Debug|Any CPU
		{454FADA3-7AB4-4FBE-945A-80C6C55DA8D2}.Debug|x86.ActiveCfg = Debug|Any CPU
		{454FADA3-7AB4-4FBE-945A-80C6C55DA8D2}.Debug|x86.Build.0 = Debug|Any CPU
		{454FADA3-7AB4-4FBE-945A-80C6C55DA8D2}.Release|Any CPU.ActiveCfg = Release|Any CPU
		{454FADA3-7AB4-4FBE-945A-80C6C55DA8D2}.Release|Any CPU.Build.0 = Release|Any CPU
		{454FADA3-7AB4-4FBE-945A-80C6C55DA8D2}.Release|x64.ActiveCfg = Release|Any CPU
		{454FADA3-7AB4-4FBE-945A-80C6C55DA8D2}.Release|x64.Build.0 = Release|Any CPU
		{454FADA3-7AB4-4FBE-945A-80C6C55DA8D2}.Release|x86.ActiveCfg = Release|Any CPU
		{454FADA3-7AB4-4FBE-945A-80C6C55DA8D2}.Release|x86.Build.0 = Release|Any CPU
		{2D86ADF2-1C4C-4C85-B2BC-66282C3349B4}.Debug|Any CPU.ActiveCfg = Debug|Any CPU
		{2D86ADF2-1C4C-4C85-B2BC-66282C3349B4}.Debug|Any CPU.Build.0 = Debug|Any CPU
		{2D86ADF2-1C4C-4C85-B2BC-66282C3349B4}.Debug|x64.ActiveCfg = Debug|Any CPU
		{2D86ADF2-1C4C-4C85-B2BC-66282C3349B4}.Debug|x64.Build.0 = Debug|Any CPU
		{2D86ADF2-1C4C-4C85-B2BC-66282C3349B4}.Debug|x86.ActiveCfg = Debug|Any CPU
		{2D86ADF2-1C4C-4C85-B2BC-66282C3349B4}.Debug|x86.Build.0 = Debug|Any CPU
		{2D86ADF2-1C4C-4C85-B2BC-66282C3349B4}.Release|Any CPU.ActiveCfg = Release|Any CPU
		{2D86ADF2-1C4C-4C85-B2BC-66282C3349B4}.Release|Any CPU.Build.0 = Release|Any CPU
		{2D86ADF2-1C4C-4C85-B2BC-66282C3349B4}.Release|x64.ActiveCfg = Release|Any CPU
		{2D86ADF2-1C4C-4C85-B2BC-66282C3349B4}.Release|x64.Build.0 = Release|Any CPU
		{2D86ADF2-1C4C-4C85-B2BC-66282C3349B4}.Release|x86.ActiveCfg = Release|Any CPU
		{2D86ADF2-1C4C-4C85-B2BC-66282C3349B4}.Release|x86.Build.0 = Release|Any CPU
		{AE63060E-10DB-497E-B161-3C13FF865C7B}.Debug|Any CPU.ActiveCfg = Debug|Any CPU
		{AE63060E-10DB-497E-B161-3C13FF865C7B}.Debug|Any CPU.Build.0 = Debug|Any CPU
		{AE63060E-10DB-497E-B161-3C13FF865C7B}.Debug|x64.ActiveCfg = Debug|Any CPU
		{AE63060E-10DB-497E-B161-3C13FF865C7B}.Debug|x64.Build.0 = Debug|Any CPU
		{AE63060E-10DB-497E-B161-3C13FF865C7B}.Debug|x86.ActiveCfg = Debug|Any CPU
		{AE63060E-10DB-497E-B161-3C13FF865C7B}.Debug|x86.Build.0 = Debug|Any CPU
		{AE63060E-10DB-497E-B161-3C13FF865C7B}.Release|Any CPU.ActiveCfg = Release|Any CPU
		{AE63060E-10DB-497E-B161-3C13FF865C7B}.Release|Any CPU.Build.0 = Release|Any CPU
		{AE63060E-10DB-497E-B161-3C13FF865C7B}.Release|x64.ActiveCfg = Release|Any CPU
		{AE63060E-10DB-497E-B161-3C13FF865C7B}.Release|x64.Build.0 = Release|Any CPU
		{AE63060E-10DB-497E-B161-3C13FF865C7B}.Release|x86.ActiveCfg = Release|Any CPU
		{AE63060E-10DB-497E-B161-3C13FF865C7B}.Release|x86.Build.0 = Release|Any CPU
		{C51AC88E-BF39-4CF6-8461-9FD9E5492950}.Debug|Any CPU.ActiveCfg = Debug|Any CPU
		{C51AC88E-BF39-4CF6-8461-9FD9E5492950}.Debug|Any CPU.Build.0 = Debug|Any CPU
		{C51AC88E-BF39-4CF6-8461-9FD9E5492950}.Debug|x64.ActiveCfg = Debug|Any CPU
		{C51AC88E-BF39-4CF6-8461-9FD9E5492950}.Debug|x64.Build.0 = Debug|Any CPU
		{C51AC88E-BF39-4CF6-8461-9FD9E5492950}.Debug|x86.ActiveCfg = Debug|Any CPU
		{C51AC88E-BF39-4CF6-8461-9FD9E5492950}.Debug|x86.Build.0 = Debug|Any CPU
		{C51AC88E-BF39-4CF6-8461-9FD9E5492950}.Release|Any CPU.ActiveCfg = Release|Any CPU
		{C51AC88E-BF39-4CF6-8461-9FD9E5492950}.Release|Any CPU.Build.0 = Release|Any CPU
		{C51AC88E-BF39-4CF6-8461-9FD9E5492950}.Release|x64.ActiveCfg = Release|Any CPU
		{C51AC88E-BF39-4CF6-8461-9FD9E5492950}.Release|x64.Build.0 = Release|Any CPU
		{C51AC88E-BF39-4CF6-8461-9FD9E5492950}.Release|x86.ActiveCfg = Release|Any CPU
		{C51AC88E-BF39-4CF6-8461-9FD9E5492950}.Release|x86.Build.0 = Release|Any CPU
		{71AF4769-AF1A-4913-A79D-08314EC06A63}.Debug|Any CPU.ActiveCfg = Debug|Any CPU
		{71AF4769-AF1A-4913-A79D-08314EC06A63}.Debug|Any CPU.Build.0 = Debug|Any CPU
		{71AF4769-AF1A-4913-A79D-08314EC06A63}.Debug|x64.ActiveCfg = Debug|Any CPU
		{71AF4769-AF1A-4913-A79D-08314EC06A63}.Debug|x64.Build.0 = Debug|Any CPU
		{71AF4769-AF1A-4913-A79D-08314EC06A63}.Debug|x86.ActiveCfg = Debug|Any CPU
		{71AF4769-AF1A-4913-A79D-08314EC06A63}.Debug|x86.Build.0 = Debug|Any CPU
		{71AF4769-AF1A-4913-A79D-08314EC06A63}.Release|Any CPU.ActiveCfg = Release|Any CPU
		{71AF4769-AF1A-4913-A79D-08314EC06A63}.Release|Any CPU.Build.0 = Release|Any CPU
		{71AF4769-AF1A-4913-A79D-08314EC06A63}.Release|x64.ActiveCfg = Release|Any CPU
		{71AF4769-AF1A-4913-A79D-08314EC06A63}.Release|x64.Build.0 = Release|Any CPU
		{71AF4769-AF1A-4913-A79D-08314EC06A63}.Release|x86.ActiveCfg = Release|Any CPU
		{71AF4769-AF1A-4913-A79D-08314EC06A63}.Release|x86.Build.0 = Release|Any CPU
		{6729DACD-2C0E-4A80-8C9B-51E3E811CFE8}.Debug|Any CPU.ActiveCfg = Debug|Any CPU
		{6729DACD-2C0E-4A80-8C9B-51E3E811CFE8}.Debug|Any CPU.Build.0 = Debug|Any CPU
		{6729DACD-2C0E-4A80-8C9B-51E3E811CFE8}.Debug|x64.ActiveCfg = Debug|Any CPU
		{6729DACD-2C0E-4A80-8C9B-51E3E811CFE8}.Debug|x64.Build.0 = Debug|Any CPU
		{6729DACD-2C0E-4A80-8C9B-51E3E811CFE8}.Debug|x86.ActiveCfg = Debug|Any CPU
		{6729DACD-2C0E-4A80-8C9B-51E3E811CFE8}.Debug|x86.Build.0 = Debug|Any CPU
		{6729DACD-2C0E-4A80-8C9B-51E3E811CFE8}.Release|Any CPU.ActiveCfg = Release|Any CPU
		{6729DACD-2C0E-4A80-8C9B-51E3E811CFE8}.Release|Any CPU.Build.0 = Release|Any CPU
		{6729DACD-2C0E-4A80-8C9B-51E3E811CFE8}.Release|x64.ActiveCfg = Release|Any CPU
		{6729DACD-2C0E-4A80-8C9B-51E3E811CFE8}.Release|x64.Build.0 = Release|Any CPU
		{6729DACD-2C0E-4A80-8C9B-51E3E811CFE8}.Release|x86.ActiveCfg = Release|Any CPU
		{6729DACD-2C0E-4A80-8C9B-51E3E811CFE8}.Release|x86.Build.0 = Release|Any CPU
		{D475BB80-2EF4-41F3-91A3-B8013425A0CB}.Debug|Any CPU.ActiveCfg = Debug|Any CPU
		{D475BB80-2EF4-41F3-91A3-B8013425A0CB}.Debug|Any CPU.Build.0 = Debug|Any CPU
		{D475BB80-2EF4-41F3-91A3-B8013425A0CB}.Debug|x64.ActiveCfg = Debug|Any CPU
		{D475BB80-2EF4-41F3-91A3-B8013425A0CB}.Debug|x64.Build.0 = Debug|Any CPU
		{D475BB80-2EF4-41F3-91A3-B8013425A0CB}.Debug|x86.ActiveCfg = Debug|Any CPU
		{D475BB80-2EF4-41F3-91A3-B8013425A0CB}.Debug|x86.Build.0 = Debug|Any CPU
		{D475BB80-2EF4-41F3-91A3-B8013425A0CB}.Release|Any CPU.ActiveCfg = Release|Any CPU
		{D475BB80-2EF4-41F3-91A3-B8013425A0CB}.Release|Any CPU.Build.0 = Release|Any CPU
		{D475BB80-2EF4-41F3-91A3-B8013425A0CB}.Release|x64.ActiveCfg = Release|Any CPU
		{D475BB80-2EF4-41F3-91A3-B8013425A0CB}.Release|x64.Build.0 = Release|Any CPU
		{D475BB80-2EF4-41F3-91A3-B8013425A0CB}.Release|x86.ActiveCfg = Release|Any CPU
		{D475BB80-2EF4-41F3-91A3-B8013425A0CB}.Release|x86.Build.0 = Release|Any CPU
	EndGlobalSection
	GlobalSection(SolutionProperties) = preSolution
		HideSolutionNode = FALSE
	EndGlobalSection
	GlobalSection(NestedProjects) = preSolution
		{48E74C66-66A7-4DD7-9762-D90F1E20B00F} = {C63C1E27-7A81-450C-90A6-62E91C389AC2}
		{E7F9CE74-9F02-4DDF-822F-FA9B9F4FA139} = {C63C1E27-7A81-450C-90A6-62E91C389AC2}
		{454FADA3-7AB4-4FBE-945A-80C6C55DA8D2} = {C63C1E27-7A81-450C-90A6-62E91C389AC2}
		{2D86ADF2-1C4C-4C85-B2BC-66282C3349B4} = {C63C1E27-7A81-450C-90A6-62E91C389AC2}
		{AE63060E-10DB-497E-B161-3C13FF865C7B} = {C63C1E27-7A81-450C-90A6-62E91C389AC2}
	EndGlobalSection
	GlobalSection(ExtensibilityGlobals) = postSolution
		EnterpriseLibraryConfigurationToolBinariesPath = packages\Unity.2.1.505.0\lib\NET35;packages\Unity.Interception.2.1.505.0\lib\NET35;packages\EnterpriseLibrary.Common.5.0.505.0\lib\NET35;packages\EnterpriseLibrary.Logging.5.0.505.0\lib\NET35;packages\Unity.2.1.505.2\lib\NET35;packages\Unity.Interception.2.1.505.2\lib\NET35;packages\EnterpriseLibrary.Logging.5.0.505.1\lib\NET35
		SolutionGuid = {CEC4A5C3-27B3-4C4C-A692-2E314648E55A}
	EndGlobalSection
EndGlobal
